// !$*UTF8*$!
{
	archiveVersion = 1;
	classes = {
	};
	objectVersion = 52;
	objects = {

/* Begin PBXBuildFile section */
		8570F2BE235C8EB800B5E18A /* AppDelegate.swift in Sources */ = {isa = PBXBuildFile; fileRef = 8570F2BD235C8EB800B5E18A /* AppDelegate.swift */; };
		8570F2C0235C8EB800B5E18A /* SceneDelegate.swift in Sources */ = {isa = PBXBuildFile; fileRef = 8570F2BF235C8EB800B5E18A /* SceneDelegate.swift */; };
		8570F2C2235C8EB800B5E18A /* ContentView.swift in Sources */ = {isa = PBXBuildFile; fileRef = 8570F2C1235C8EB800B5E18A /* ContentView.swift */; };
		8570F2C4235C8EB900B5E18A /* Assets.xcassets in Resources */ = {isa = PBXBuildFile; fileRef = 8570F2C3235C8EB900B5E18A /* Assets.xcassets */; };
		8570F2C7235C8EB900B5E18A /* Preview Assets.xcassets in Resources */ = {isa = PBXBuildFile; fileRef = 8570F2C6235C8EB900B5E18A /* Preview Assets.xcassets */; };
		8570F2CA235C8EB900B5E18A /* LaunchScreen.storyboard in Resources */ = {isa = PBXBuildFile; fileRef = 8570F2C8235C8EB900B5E18A /* LaunchScreen.storyboard */; };
		8570F2D5235C8EB900B5E18A /* SwiftUISPMTestTests.swift in Sources */ = {isa = PBXBuildFile; fileRef = 8570F2D4235C8EB900B5E18A /* SwiftUISPMTestTests.swift */; };
		8570F2E0235C8EB900B5E18A /* SwiftUISPMTestUITests.swift in Sources */ = {isa = PBXBuildFile; fileRef = 8570F2DF235C8EB900B5E18A /* SwiftUISPMTestUITests.swift */; };
		8570F2F0235C8F0A00B5E18A /* SwiftUISPMTestLib in Frameworks */ = {isa = PBXBuildFile; productRef = 8570F2EF235C8F0A00B5E18A /* SwiftUISPMTestLib */; };
		85F8D402235CB2DB00C00E08 /* SwiftUISPMTestLib2 in Frameworks */ = {isa = PBXBuildFile; productRef = 85F8D401235CB2DB00C00E08 /* SwiftUISPMTestLib2 */; };
/* End PBXBuildFile section */

/* Begin PBXContainerItemProxy section */
		8570F2D1235C8EB900B5E18A /* PBXContainerItemProxy */ = {
			isa = PBXContainerItemProxy;
			containerPortal = 8570F2B2235C8EB800B5E18A /* Project object */;
			proxyType = 1;
			remoteGlobalIDString = 8570F2B9235C8EB800B5E18A;
			remoteInfo = SwiftUISPMTest;
		};
		8570F2DC235C8EB900B5E18A /* PBXContainerItemProxy */ = {
			isa = PBXContainerItemProxy;
			containerPortal = 8570F2B2235C8EB800B5E18A /* Project object */;
			proxyType = 1;
			remoteGlobalIDString = 8570F2B9235C8EB800B5E18A;
			remoteInfo = SwiftUISPMTest;
		};
/* End PBXContainerItemProxy section */

/* Begin PBXFileReference section */
		8570F2BA235C8EB800B5E18A /* SwiftUISPMTest.app */ = {isa = PBXFileReference; explicitFileType = wrapper.application; includeInIndex = 0; path = SwiftUISPMTest.app; sourceTree = BUILT_PRODUCTS_DIR; };
		8570F2BD235C8EB800B5E18A /* AppDelegate.swift */ = {isa = PBXFileReference; lastKnownFileType = sourcecode.swift; path = AppDelegate.swift; sourceTree = "<group>"; };
		8570F2BF235C8EB800B5E18A /* SceneDelegate.swift */ = {isa = PBXFileReference; lastKnownFileType = sourcecode.swift; path = SceneDelegate.swift; sourceTree = "<group>"; };
		8570F2C1235C8EB800B5E18A /* ContentView.swift */ = {isa = PBXFileReference; lastKnownFileType = sourcecode.swift; path = ContentView.swift; sourceTree = "<group>"; };
		8570F2C3235C8EB900B5E18A /* Assets.xcassets */ = {isa = PBXFileReference; lastKnownFileType = folder.assetcatalog; path = Assets.xcassets; sourceTree = "<group>"; };
		8570F2C6235C8EB900B5E18A /* Preview Assets.xcassets */ = {isa = PBXFileReference; lastKnownFileType = folder.assetcatalog; path = "Preview Assets.xcassets"; sourceTree = "<group>"; };
		8570F2C9235C8EB900B5E18A /* Base */ = {isa = PBXFileReference; lastKnownFileType = file.storyboard; name = Base; path = Base.lproj/LaunchScreen.storyboard; sourceTree = "<group>"; };
		8570F2CB235C8EB900B5E18A /* Info.plist */ = {isa = PBXFileReference; lastKnownFileType = text.plist.xml; path = Info.plist; sourceTree = "<group>"; };
		8570F2D0235C8EB900B5E18A /* SwiftUISPMTestTests.xctest */ = {isa = PBXFileReference; explicitFileType = wrapper.cfbundle; includeInIndex = 0; path = SwiftUISPMTestTests.xctest; sourceTree = BUILT_PRODUCTS_DIR; };
		8570F2D4235C8EB900B5E18A /* SwiftUISPMTestTests.swift */ = {isa = PBXFileReference; lastKnownFileType = sourcecode.swift; path = SwiftUISPMTestTests.swift; sourceTree = "<group>"; };
		8570F2D6235C8EB900B5E18A /* Info.plist */ = {isa = PBXFileReference; lastKnownFileType = text.plist.xml; path = Info.plist; sourceTree = "<group>"; };
		8570F2DB235C8EB900B5E18A /* SwiftUISPMTestUITests.xctest */ = {isa = PBXFileReference; explicitFileType = wrapper.cfbundle; includeInIndex = 0; path = SwiftUISPMTestUITests.xctest; sourceTree = BUILT_PRODUCTS_DIR; };
		8570F2DF235C8EB900B5E18A /* SwiftUISPMTestUITests.swift */ = {isa = PBXFileReference; lastKnownFileType = sourcecode.swift; path = SwiftUISPMTestUITests.swift; sourceTree = "<group>"; };
		8570F2E1235C8EB900B5E18A /* Info.plist */ = {isa = PBXFileReference; lastKnownFileType = text.plist.xml; path = Info.plist; sourceTree = "<group>"; };
		8570F2ED235C8EDF00B5E18A /* SwiftUISPMTestLib */ = {isa = PBXFileReference; lastKnownFileType = folder; name = SwiftUISPMTestLib; path = ../SwiftUISPMTestLib; sourceTree = "<group>"; };
		85F8D400235CB25D00C00E08 /* SwiftUISPMTestLib2 */ = {isa = PBXFileReference; lastKnownFileType = folder; name = SwiftUISPMTestLib2; path = ../SwiftUISPMTestLib2; sourceTree = "<group>"; };
/* End PBXFileReference section */

/* Begin PBXFrameworksBuildPhase section */
		8570F2B7235C8EB800B5E18A /* Frameworks */ = {
			isa = PBXFrameworksBuildPhase;
			buildActionMask = 2147483647;
			files = (
				85F8D402235CB2DB00C00E08 /* SwiftUISPMTestLib2 in Frameworks */,
				8570F2F0235C8F0A00B5E18A /* SwiftUISPMTestLib in Frameworks */,
			);
			runOnlyForDeploymentPostprocessing = 0;
		};
		8570F2CD235C8EB900B5E18A /* Frameworks */ = {
			isa = PBXFrameworksBuildPhase;
			buildActionMask = 2147483647;
			files = (
			);
			runOnlyForDeploymentPostprocessing = 0;
		};
		8570F2D8235C8EB900B5E18A /* Frameworks */ = {
			isa = PBXFrameworksBuildPhase;
			buildActionMask = 2147483647;
			files = (
			);
			runOnlyForDeploymentPostprocessing = 0;
		};
/* End PBXFrameworksBuildPhase section */

/* Begin PBXGroup section */
		8570F2B1235C8EB800B5E18A = {
			isa = PBXGroup;
			children = (
				85F8D400235CB25D00C00E08 /* SwiftUISPMTestLib2 */,
				8570F2ED235C8EDF00B5E18A /* SwiftUISPMTestLib */,
				8570F2BC235C8EB800B5E18A /* SwiftUISPMTest */,
				8570F2D3235C8EB900B5E18A /* SwiftUISPMTestTests */,
				8570F2DE235C8EB900B5E18A /* SwiftUISPMTestUITests */,
				8570F2BB235C8EB800B5E18A /* Products */,
				8570F2EE235C8F0A00B5E18A /* Frameworks */,
			);
			sourceTree = "<group>";
		};
		8570F2BB235C8EB800B5E18A /* Products */ = {
			isa = PBXGroup;
			children = (
				8570F2BA235C8EB800B5E18A /* SwiftUISPMTest.app */,
				8570F2D0235C8EB900B5E18A /* SwiftUISPMTestTests.xctest */,
				8570F2DB235C8EB900B5E18A /* SwiftUISPMTestUITests.xctest */,
			);
			name = Products;
			sourceTree = "<group>";
		};
		8570F2BC235C8EB800B5E18A /* SwiftUISPMTest */ = {
			isa = PBXGroup;
			children = (
				8570F2BD235C8EB800B5E18A /* AppDelegate.swift */,
				8570F2BF235C8EB800B5E18A /* SceneDelegate.swift */,
				8570F2C1235C8EB800B5E18A /* ContentView.swift */,
				8570F2C3235C8EB900B5E18A /* Assets.xcassets */,
				8570F2C8235C8EB900B5E18A /* LaunchScreen.storyboard */,
				8570F2CB235C8EB900B5E18A /* Info.plist */,
				8570F2C5235C8EB900B5E18A /* Preview Content */,
			);
			path = SwiftUISPMTest;
			sourceTree = "<group>";
		};
		8570F2C5235C8EB900B5E18A /* Preview Content */ = {
			isa = PBXGroup;
			children = (
				8570F2C6235C8EB900B5E18A /* Preview Assets.xcassets */,
			);
			path = "Preview Content";
			sourceTree = "<group>";
		};
		8570F2D3235C8EB900B5E18A /* SwiftUISPMTestTests */ = {
			isa = PBXGroup;
			children = (
				8570F2D4235C8EB900B5E18A /* SwiftUISPMTestTests.swift */,
				8570F2D6235C8EB900B5E18A /* Info.plist */,
			);
			path = SwiftUISPMTestTests;
			sourceTree = "<group>";
		};
		8570F2DE235C8EB900B5E18A /* SwiftUISPMTestUITests */ = {
			isa = PBXGroup;
			children = (
				8570F2DF235C8EB900B5E18A /* SwiftUISPMTestUITests.swift */,
				8570F2E1235C8EB900B5E18A /* Info.plist */,
			);
			path = SwiftUISPMTestUITests;
			sourceTree = "<group>";
		};
		8570F2EE235C8F0A00B5E18A /* Frameworks */ = {
			isa = PBXGroup;
			children = (
			);
			name = Frameworks;
			sourceTree = "<group>";
		};
/* End PBXGroup section */

/* Begin PBXNativeTarget section */
		8570F2B9235C8EB800B5E18A /* SwiftUISPMTest */ = {
			isa = PBXNativeTarget;
			buildConfigurationList = 8570F2E4235C8EB900B5E18A /* Build configuration list for PBXNativeTarget "SwiftUISPMTest" */;
			buildPhases = (
				8570F2B6235C8EB800B5E18A /* Sources */,
				8570F2B7235C8EB800B5E18A /* Frameworks */,
				8570F2B8235C8EB800B5E18A /* Resources */,
			);
			buildRules = (
			);
			dependencies = (
			);
			name = SwiftUISPMTest;
			packageProductDependencies = (
				8570F2EF235C8F0A00B5E18A /* SwiftUISPMTestLib */,
				85F8D401235CB2DB00C00E08 /* SwiftUISPMTestLib2 */,
			);
			productName = SwiftUISPMTest;
			productReference = 8570F2BA235C8EB800B5E18A /* SwiftUISPMTest.app */;
			productType = "com.apple.product-type.application";
		};
		8570F2CF235C8EB900B5E18A /* SwiftUISPMTestTests */ = {
			isa = PBXNativeTarget;
			buildConfigurationList = 8570F2E7235C8EB900B5E18A /* Build configuration list for PBXNativeTarget "SwiftUISPMTestTests" */;
			buildPhases = (
				8570F2CC235C8EB900B5E18A /* Sources */,
				8570F2CD235C8EB900B5E18A /* Frameworks */,
				8570F2CE235C8EB900B5E18A /* Resources */,
			);
			buildRules = (
			);
			dependencies = (
				8570F2D2235C8EB900B5E18A /* PBXTargetDependency */,
			);
			name = SwiftUISPMTestTests;
			productName = SwiftUISPMTestTests;
			productReference = 8570F2D0235C8EB900B5E18A /* SwiftUISPMTestTests.xctest */;
			productType = "com.apple.product-type.bundle.unit-test";
		};
		8570F2DA235C8EB900B5E18A /* SwiftUISPMTestUITests */ = {
			isa = PBXNativeTarget;
			buildConfigurationList = 8570F2EA235C8EB900B5E18A /* Build configuration list for PBXNativeTarget "SwiftUISPMTestUITests" */;
			buildPhases = (
				8570F2D7235C8EB900B5E18A /* Sources */,
				8570F2D8235C8EB900B5E18A /* Frameworks */,
				8570F2D9235C8EB900B5E18A /* Resources */,
			);
			buildRules = (
			);
			dependencies = (
				8570F2DD235C8EB900B5E18A /* PBXTargetDependency */,
			);
			name = SwiftUISPMTestUITests;
			productName = SwiftUISPMTestUITests;
			productReference = 8570F2DB235C8EB900B5E18A /* SwiftUISPMTestUITests.xctest */;
			productType = "com.apple.product-type.bundle.ui-testing";
		};
/* End PBXNativeTarget section */

/* Begin PBXProject section */
		8570F2B2235C8EB800B5E18A /* Project object */ = {
			isa = PBXProject;
			attributes = {
				LastSwiftUpdateCheck = 1110;
				LastUpgradeCheck = 1110;
				ORGANIZATIONNAME = "Jay Ayres";
				TargetAttributes = {
					8570F2B9235C8EB800B5E18A = {
						CreatedOnToolsVersion = 11.1;
					};
					8570F2CF235C8EB900B5E18A = {
						CreatedOnToolsVersion = 11.1;
						TestTargetID = 8570F2B9235C8EB800B5E18A;
					};
					8570F2DA235C8EB900B5E18A = {
						CreatedOnToolsVersion = 11.1;
						TestTargetID = 8570F2B9235C8EB800B5E18A;
					};
				};
			};
			buildConfigurationList = 8570F2B5235C8EB800B5E18A /* Build configuration list for PBXProject "SwiftUISPMTest" */;
			compatibilityVersion = "Xcode 9.3";
			developmentRegion = en;
			hasScannedForEncodings = 0;
			knownRegions = (
				en,
				Base,
			);
			mainGroup = 8570F2B1235C8EB800B5E18A;
			productRefGroup = 8570F2BB235C8EB800B5E18A /* Products */;
			projectDirPath = "";
			projectRoot = "";
			targets = (
				8570F2B9235C8EB800B5E18A /* SwiftUISPMTest */,
				8570F2CF235C8EB900B5E18A /* SwiftUISPMTestTests */,
				8570F2DA235C8EB900B5E18A /* SwiftUISPMTestUITests */,
			);
		};
/* End PBXProject section */

/* Begin PBXResourcesBuildPhase section */
		8570F2B8235C8EB800B5E18A /* Resources */ = {
			isa = PBXResourcesBuildPhase;
			buildActionMask = 2147483647;
			files = (
				8570F2CA235C8EB900B5E18A /* LaunchScreen.storyboard in Resources */,
				8570F2C7235C8EB900B5E18A /* Preview Assets.xcassets in Resources */,
				8570F2C4235C8EB900B5E18A /* Assets.xcassets in Resources */,
			);
			runOnlyForDeploymentPostprocessing = 0;
		};
		8570F2CE235C8EB900B5E18A /* Resources */ = {
			isa = PBXResourcesBuildPhase;
			buildActionMask = 2147483647;
			files = (
			);
			runOnlyForDeploymentPostprocessing = 0;
		};
		8570F2D9235C8EB900B5E18A /* Resources */ = {
			isa = PBXResourcesBuildPhase;
			buildActionMask = 2147483647;
			files = (
			);
			runOnlyForDeploymentPostprocessing = 0;
		};
/* End PBXResourcesBuildPhase section */

/* Begin PBXSourcesBuildPhase section */
		8570F2B6235C8EB800B5E18A /* Sources */ = {
			isa = PBXSourcesBuildPhase;
			buildActionMask = 2147483647;
			files = (
				8570F2BE235C8EB800B5E18A /* AppDelegate.swift in Sources */,
				8570F2C0235C8EB800B5E18A /* SceneDelegate.swift in Sources */,
				8570F2C2235C8EB800B5E18A /* ContentView.swift in Sources */,
			);
			runOnlyForDeploymentPostprocessing = 0;
		};
		8570F2CC235C8EB900B5E18A /* Sources */ = {
			isa = PBXSourcesBuildPhase;
			buildActionMask = 2147483647;
			files = (
				8570F2D5235C8EB900B5E18A /* SwiftUISPMTestTests.swift in Sources */,
			);
			runOnlyForDeploymentPostprocessing = 0;
		};
		8570F2D7235C8EB900B5E18A /* Sources */ = {
			isa = PBXSourcesBuildPhase;
			buildActionMask = 2147483647;
			files = (
				8570F2E0235C8EB900B5E18A /* SwiftUISPMTestUITests.swift in Sources */,
			);
			runOnlyForDeploymentPostprocessing = 0;
		};
/* End PBXSourcesBuildPhase section */

/* Begin PBXTargetDependency section */
		8570F2D2235C8EB900B5E18A /* PBXTargetDependency */ = {
			isa = PBXTargetDependency;
			target = 8570F2B9235C8EB800B5E18A /* SwiftUISPMTest */;
			targetProxy = 8570F2D1235C8EB900B5E18A /* PBXContainerItemProxy */;
		};
		8570F2DD235C8EB900B5E18A /* PBXTargetDependency */ = {
			isa = PBXTargetDependency;
			target = 8570F2B9235C8EB800B5E18A /* SwiftUISPMTest */;
			targetProxy = 8570F2DC235C8EB900B5E18A /* PBXContainerItemProxy */;
		};
/* End PBXTargetDependency section */

/* Begin PBXVariantGroup section */
		8570F2C8235C8EB900B5E18A /* LaunchScreen.storyboard */ = {
			isa = PBXVariantGroup;
			children = (
				8570F2C9235C8EB900B5E18A /* Base */,
			);
			name = LaunchScreen.storyboard;
			sourceTree = "<group>";
		};
/* End PBXVariantGroup section */

/* Begin XCBuildConfiguration section */
		8570F2E2235C8EB900B5E18A /* Debug */ = {
			isa = XCBuildConfiguration;
			buildSettings = {
				ALWAYS_SEARCH_USER_PATHS = NO;
				CLANG_ANALYZER_NONNULL = YES;
				CLANG_ANALYZER_NUMBER_OBJECT_CONVERSION = YES_AGGRESSIVE;
				CLANG_CXX_LANGUAGE_STANDARD = "gnu++14";
				CLANG_CXX_LIBRARY = "libc++";
				CLANG_ENABLE_MODULES = YES;
				CLANG_ENABLE_OBJC_ARC = YES;
				CLANG_ENABLE_OBJC_WEAK = YES;
				CLANG_WARN_BLOCK_CAPTURE_AUTORELEASING = YES;
				CLANG_WARN_BOOL_CONVERSION = YES;
				CLANG_WARN_COMMA = YES;
				CLANG_WARN_CONSTANT_CONVERSION = YES;
				CLANG_WARN_DEPRECATED_OBJC_IMPLEMENTATIONS = YES;
				CLANG_WARN_DIRECT_OBJC_ISA_USAGE = YES_ERROR;
				CLANG_WARN_DOCUMENTATION_COMMENTS = YES;
				CLANG_WARN_EMPTY_BODY = YES;
				CLANG_WARN_ENUM_CONVERSION = YES;
				CLANG_WARN_INFINITE_RECURSION = YES;
				CLANG_WARN_INT_CONVERSION = YES;
				CLANG_WARN_NON_LITERAL_NULL_CONVERSION = YES;
				CLANG_WARN_OBJC_IMPLICIT_RETAIN_SELF = YES;
				CLANG_WARN_OBJC_LITERAL_CONVERSION = YES;
				CLANG_WARN_OBJC_ROOT_CLASS = YES_ERROR;
				CLANG_WARN_RANGE_LOOP_ANALYSIS = YES;
				CLANG_WARN_STRICT_PROTOTYPES = YES;
				CLANG_WARN_SUSPICIOUS_MOVE = YES;
				CLANG_WARN_UNGUARDED_AVAILABILITY = YES_AGGRESSIVE;
				CLANG_WARN_UNREACHABLE_CODE = YES;
				CLANG_WARN__DUPLICATE_METHOD_MATCH = YES;
				COPY_PHASE_STRIP = NO;
				DEBUG_INFORMATION_FORMAT = dwarf;
				ENABLE_STRICT_OBJC_MSGSEND = YES;
				ENABLE_TESTABILITY = YES;
				GCC_C_LANGUAGE_STANDARD = gnu11;
				GCC_DYNAMIC_NO_PIC = NO;
				GCC_NO_COMMON_BLOCKS = YES;
				GCC_OPTIMIZATION_LEVEL = 0;
				GCC_PREPROCESSOR_DEFINITIONS = (
					"DEBUG=1",
					"$(inherited)",
				);
				GCC_WARN_64_TO_32_BIT_CONVERSION = YES;
				GCC_WARN_ABOUT_RETURN_TYPE = YES_ERROR;
				GCC_WARN_UNDECLARED_SELECTOR = YES;
				GCC_WARN_UNINITIALIZED_AUTOS = YES_AGGRESSIVE;
				GCC_WARN_UNUSED_FUNCTION = YES;
				GCC_WARN_UNUSED_VARIABLE = YES;
				IPHONEOS_DEPLOYMENT_TARGET = 13.1;
				MTL_ENABLE_DEBUG_INFO = INCLUDE_SOURCE;
				MTL_FAST_MATH = YES;
				ONLY_ACTIVE_ARCH = YES;
				SDKROOT = iphoneos;
				SWIFT_ACTIVE_COMPILATION_CONDITIONS = DEBUG;
				SWIFT_OPTIMIZATION_LEVEL = "-Onone";
			};
			name = Debug;
		};
		8570F2E3235C8EB900B5E18A /* Release */ = {
			isa = XCBuildConfiguration;
			buildSettings = {
				ALWAYS_SEARCH_USER_PATHS = NO;
				CLANG_ANALYZER_NONNULL = YES;
				CLANG_ANALYZER_NUMBER_OBJECT_CONVERSION = YES_AGGRESSIVE;
				CLANG_CXX_LANGUAGE_STANDARD = "gnu++14";
				CLANG_CXX_LIBRARY = "libc++";
				CLANG_ENABLE_MODULES = YES;
				CLANG_ENABLE_OBJC_ARC = YES;
				CLANG_ENABLE_OBJC_WEAK = YES;
				CLANG_WARN_BLOCK_CAPTURE_AUTORELEASING = YES;
				CLANG_WARN_BOOL_CONVERSION = YES;
				CLANG_WARN_COMMA = YES;
				CLANG_WARN_CONSTANT_CONVERSION = YES;
				CLANG_WARN_DEPRECATED_OBJC_IMPLEMENTATIONS = YES;
				CLANG_WARN_DIRECT_OBJC_ISA_USAGE = YES_ERROR;
				CLANG_WARN_DOCUMENTATION_COMMENTS = YES;
				CLANG_WARN_EMPTY_BODY = YES;
				CLANG_WARN_ENUM_CONVERSION = YES;
				CLANG_WARN_INFINITE_RECURSION = YES;
				CLANG_WARN_INT_CONVERSION = YES;
				CLANG_WARN_NON_LITERAL_NULL_CONVERSION = YES;
				CLANG_WARN_OBJC_IMPLICIT_RETAIN_SELF = YES;
				CLANG_WARN_OBJC_LITERAL_CONVERSION = YES;
				CLANG_WARN_OBJC_ROOT_CLASS = YES_ERROR;
				CLANG_WARN_RANGE_LOOP_ANALYSIS = YES;
				CLANG_WARN_STRICT_PROTOTYPES = YES;
				CLANG_WARN_SUSPICIOUS_MOVE = YES;
				CLANG_WARN_UNGUARDED_AVAILABILITY = YES_AGGRESSIVE;
				CLANG_WARN_UNREACHABLE_CODE = YES;
				CLANG_WARN__DUPLICATE_METHOD_MATCH = YES;
				COPY_PHASE_STRIP = NO;
				DEBUG_INFORMATION_FORMAT = "dwarf-with-dsym";
				ENABLE_NS_ASSERTIONS = NO;
				ENABLE_STRICT_OBJC_MSGSEND = YES;
				GCC_C_LANGUAGE_STANDARD = gnu11;
				GCC_NO_COMMON_BLOCKS = YES;
				GCC_WARN_64_TO_32_BIT_CONVERSION = YES;
				GCC_WARN_ABOUT_RETURN_TYPE = YES_ERROR;
				GCC_WARN_UNDECLARED_SELECTOR = YES;
				GCC_WARN_UNINITIALIZED_AUTOS = YES_AGGRESSIVE;
				GCC_WARN_UNUSED_FUNCTION = YES;
				GCC_WARN_UNUSED_VARIABLE = YES;
				IPHONEOS_DEPLOYMENT_TARGET = 13.1;
				MTL_ENABLE_DEBUG_INFO = NO;
				MTL_FAST_MATH = YES;
				SDKROOT = iphoneos;
				SWIFT_COMPILATION_MODE = wholemodule;
				SWIFT_OPTIMIZATION_LEVEL = "-O";
				VALIDATE_PRODUCT = YES;
			};
			name = Release;
		};
		8570F2E5235C8EB900B5E18A /* Debug */ = {
			isa = XCBuildConfiguration;
			buildSettings = {
				ASSETCATALOG_COMPILER_APPICON_NAME = AppIcon;
				CODE_SIGN_STYLE = Automatic;
				DEVELOPMENT_ASSET_PATHS = "\"SwiftUISPMTest/Preview Content\"";
				DEVELOPMENT_TEAM = WLN47L9Y5H;
				ENABLE_PREVIEWS = YES;
				INFOPLIST_FILE = SwiftUISPMTest/Info.plist;
				LD_RUNPATH_SEARCH_PATHS = (
					"$(inherited)",
					"@executable_path/Frameworks",
				);
				PRODUCT_BUNDLE_IDENTIFIER = com.tripadvisor.SwiftUISPMTest;
				PRODUCT_NAME = "$(TARGET_NAME)";
				SWIFT_VERSION = 5.0;
				TARGETED_DEVICE_FAMILY = "1,2";
			};
			name = Debug;
		};
		8570F2E6235C8EB900B5E18A /* Release */ = {
			isa = XCBuildConfiguration;
			buildSettings = {
				ASSETCATALOG_COMPILER_APPICON_NAME = AppIcon;
				CODE_SIGN_STYLE = Automatic;
				DEVELOPMENT_ASSET_PATHS = "\"SwiftUISPMTest/Preview Content\"";
				DEVELOPMENT_TEAM = WLN47L9Y5H;
				ENABLE_PREVIEWS = YES;
				INFOPLIST_FILE = SwiftUISPMTest/Info.plist;
				LD_RUNPATH_SEARCH_PATHS = (
					"$(inherited)",
					"@executable_path/Frameworks",
				);
				PRODUCT_BUNDLE_IDENTIFIER = com.tripadvisor.SwiftUISPMTest;
				PRODUCT_NAME = "$(TARGET_NAME)";
				SWIFT_VERSION = 5.0;
				TARGETED_DEVICE_FAMILY = "1,2";
			};
			name = Release;
		};
		8570F2E8235C8EB900B5E18A /* Debug */ = {
			isa = XCBuildConfiguration;
			buildSettings = {
				ALWAYS_EMBED_SWIFT_STANDARD_LIBRARIES = YES;
				BUNDLE_LOADER = "$(TEST_HOST)";
				CODE_SIGN_STYLE = Automatic;
				DEVELOPMENT_TEAM = WLN47L9Y5H;
				INFOPLIST_FILE = SwiftUISPMTestTests/Info.plist;
				IPHONEOS_DEPLOYMENT_TARGET = 13.1;
				LD_RUNPATH_SEARCH_PATHS = (
					"$(inherited)",
					"@executable_path/Frameworks",
					"@loader_path/Frameworks",
				);
				PRODUCT_BUNDLE_IDENTIFIER = com.tripadvisor.SwiftUISPMTestTests;
				PRODUCT_NAME = "$(TARGET_NAME)";
				SWIFT_VERSION = 5.0;
				TARGETED_DEVICE_FAMILY = "1,2";
				TEST_HOST = "$(BUILT_PRODUCTS_DIR)/SwiftUISPMTest.app/SwiftUISPMTest";
			};
			name = Debug;
		};
		8570F2E9235C8EB900B5E18A /* Release */ = {
			isa = XCBuildConfiguration;
			buildSettings = {
				ALWAYS_EMBED_SWIFT_STANDARD_LIBRARIES = YES;
				BUNDLE_LOADER = "$(TEST_HOST)";
				CODE_SIGN_STYLE = Automatic;
				DEVELOPMENT_TEAM = WLN47L9Y5H;
				INFOPLIST_FILE = SwiftUISPMTestTests/Info.plist;
				IPHONEOS_DEPLOYMENT_TARGET = 13.1;
				LD_RUNPATH_SEARCH_PATHS = (
					"$(inherited)",
					"@executable_path/Frameworks",
					"@loader_path/Frameworks",
				);
				PRODUCT_BUNDLE_IDENTIFIER = com.tripadvisor.SwiftUISPMTestTests;
				PRODUCT_NAME = "$(TARGET_NAME)";
				SWIFT_VERSION = 5.0;
				TARGETED_DEVICE_FAMILY = "1,2";
				TEST_HOST = "$(BUILT_PRODUCTS_DIR)/SwiftUISPMTest.app/SwiftUISPMTest";
			};
			name = Release;
		};
		8570F2EB235C8EB900B5E18A /* Debug */ = {
			isa = XCBuildConfiguration;
			buildSettings = {
				ALWAYS_EMBED_SWIFT_STANDARD_LIBRARIES = YES;
				CODE_SIGN_STYLE = Automatic;
				DEVELOPMENT_TEAM = WLN47L9Y5H;
				INFOPLIST_FILE = SwiftUISPMTestUITests/Info.plist;
				LD_RUNPATH_SEARCH_PATHS = (
					"$(inherited)",
					"@executable_path/Frameworks",
					"@loader_path/Frameworks",
				);
				PRODUCT_BUNDLE_IDENTIFIER = com.tripadvisor.SwiftUISPMTestUITests;
				PRODUCT_NAME = "$(TARGET_NAME)";
				SWIFT_VERSION = 5.0;
				TARGETED_DEVICE_FAMILY = "1,2";
				TEST_TARGET_NAME = SwiftUISPMTest;
			};
			name = Debug;
		};
		8570F2EC235C8EB900B5E18A /* Release */ = {
			isa = XCBuildConfiguration;
			buildSettings = {
				ALWAYS_EMBED_SWIFT_STANDARD_LIBRARIES = YES;
				CODE_SIGN_STYLE = Automatic;
				DEVELOPMENT_TEAM = WLN47L9Y5H;
				INFOPLIST_FILE = SwiftUISPMTestUITests/Info.plist;
				LD_RUNPATH_SEARCH_PATHS = (
					"$(inherited)",
					"@executable_path/Frameworks",
					"@loader_path/Frameworks",
				);
				PRODUCT_BUNDLE_IDENTIFIER = com.tripadvisor.SwiftUISPMTestUITests;
				PRODUCT_NAME = "$(TARGET_NAME)";
				SWIFT_VERSION = 5.0;
				TARGETED_DEVICE_FAMILY = "1,2";
				TEST_TARGET_NAME = SwiftUISPMTest;
			};
			name = Release;
		};
/* End XCBuildConfiguration section */

/* Begin XCConfigurationList section */
		8570F2B5235C8EB800B5E18A /* Build configuration list for PBXProject "SwiftUISPMTest" */ = {
			isa = XCConfigurationList;
			buildConfigurations = (
				8570F2E2235C8EB900B5E18A /* Debug */,
				8570F2E3235C8EB900B5E18A /* Release */,
			);
			defaultConfigurationIsVisible = 0;
			defaultConfigurationName = Release;
		};
		8570F2E4235C8EB900B5E18A /* Build configuration list for PBXNativeTarget "SwiftUISPMTest" */ = {
			isa = XCConfigurationList;
			buildConfigurations = (
				8570F2E5235C8EB900B5E18A /* Debug */,
				8570F2E6235C8EB900B5E18A /* Release */,
			);
			defaultConfigurationIsVisible = 0;
			defaultConfigurationName = Release;
		};
		8570F2E7235C8EB900B5E18A /* Build configuration list for PBXNativeTarget "SwiftUISPMTestTests" */ = {
			isa = XCConfigurationList;
			buildConfigurations = (
				8570F2E8235C8EB900B5E18A /* Debug */,
				8570F2E9235C8EB900B5E18A /* Release */,
			);
			defaultConfigurationIsVisible = 0;
			defaultConfigurationName = Release;
		};
		8570F2EA235C8EB900B5E18A /* Build configuration list for PBXNativeTarget "SwiftUISPMTestUITests" */ = {
			isa = XCConfigurationList;
			buildConfigurations = (
				8570F2EB235C8EB900B5E18A /* Debug */,
				8570F2EC235C8EB900B5E18A /* Release */,
			);
			defaultConfigurationIsVisible = 0;
			defaultConfigurationName = Release;
		};
/* End XCConfigurationList section */

/* Begin XCSwiftPackageProductDependency section */
		8570F2EF235C8F0A00B5E18A /* SwiftUISPMTestLib */ = {
			isa = XCSwiftPackageProductDependency;
			productName = SwiftUISPMTestLib;
		};
		85F8D401235CB2DB00C00E08 /* SwiftUISPMTestLib2 */ = {
			isa = XCSwiftPackageProductDependency;
			productName = SwiftUISPMTestLib2;
		};
/* End XCSwiftPackageProductDependency section */
	};
	rootObject = 8570F2B2235C8EB800B5E18A /* Project object */;
}
